# This file is automatically @generated by Cargo.
# It is not intended for manual editing.
version = 3

[[package]]
name = "addr2line"
version = "0.15.2"
source = "registry+https://github.com/rust-lang/crates.io-index"

[[package]]
# Commented out old package
# name = "fake-package"
name = "syn"
version = "1.0.73"
source = "git+https://github.com/rust-lang/cargo?branch=master#061a9ab4cfabf2a403dbeab4bbcb8ff97d344dff"
