# This file is generated by running "yarn install" inside your project.
# Manual changes might be lost - proceed with caution!

__metadata:
  version: 8
  cacheKey: 10c0

"@ws/ansi-regex@workspace:^, @ws/ansi-regex@workspace:ansi-regex":
  version: 0.0.0-use.local
  resolution: "@ws/ansi-regex@workspace:ansi-regex"
  dependencies:
    ansi-regex: "npm:^6.1.0"
  languageName: unknown
  linkType: soft

"ansi-regex@npm:^6.1.0":
  version: 6.1.0
  resolution: "ansi-regex@npm:6.1.0"
  checksum: 10c0/a91daeddd54746338478eef88af3439a7edf30f8e23196e2d6ed182da9add559c601266dbef01c2efa46a958ad6f1f8b176799657616c702b5b02e799e7fd8dc
  languageName: node
  linkType: hard

"ansi-regex@workspace:.":
  version: 0.0.0-use.local
  resolution: "ansi-regex@workspace:."
  dependencies:
    "@ws/ansi-regex": "workspace:^"
    ansi-regex: "npm:^6.1.0"
  languageName: unknown
  linkType: soft
